
Microsoft Visual Studio Solution File, Format Version 12.00
# Visual Studio Version 17
VisualStudioVersion = 17.9.34723.18
MinimumVisualStudioVersion = 10.0.40219.1
Project("{9A19103F-16F7-4668-BE54-9A1E7A4F7556}") = "MinimalApiCrud", "MinimalApiCrud\MinimalApiCrud.csproj", "{A40F0FF8-9317-4790-B9B5-00D71C24967C}"
EndProject
Global
	GlobalSection(SolutionConfigurationPlatforms) = preSolution
		Debug|Any CPU = Debug|Any CPU
		Release|Any CPU = Release|Any CPU
	EndGlobalSection
	GlobalSection(ProjectConfigurationPlatforms) = postSolution
		{A40F0FF8-9317-4790-B9B5-00D71C24967C}.Debug|Any CPU.ActiveCfg = Debug|Any CPU
		{A40F0FF8-9317-4790-B9B5-00D71C24967C}.Debug|Any CPU.Build.0 = Debug|Any CPU
		{A40F0FF8-9317-4790-B9B5-00D71C24967C}.Release|Any CPU.ActiveCfg = Release|Any CPU
		{A40F0FF8-9317-4790-B9B5-00D71C24967C}.Release|Any CPU.Build.0 = Release|Any CPU
	EndGlobalSection
	GlobalSection(SolutionProperties) = preSolution
		HideSolutionNode = FALSE
	EndGlobalSection
	GlobalSection(ExtensibilityGlobals) = postSolution
		SolutionGuid = {66B998B9-5BDB-4956-A95F-E4AD626263E3}
	EndGlobalSection
EndGlobal
